github.com/yoheimuta/go-protoparser/v4 v4.11.0 h1:zhP3R1bzopFKOco4YouXR7X126ggQX3nQ12OcW958CA=
github.com/yoheimuta/go-protoparser/v4 v4.11.0/go.mod h1:AHNNnSWnb0UoL4QgHPiOAg2BniQceFscPI5X/BZNHl8=
golang.org/x/text v0.17.0 h1:XtiM5bkSOt+ewxlOE/aE/AKEHibwj/6gvWMl9Rsh0Qc=
golang.org/x/text v0.17.0/go.mod h1:BuEKDfySbSR4drPmRPG/7iBdf8hvFMuRexcpahXilzY=
